
Microsoft Visual Studio Solution File, Format Version 12.00
# Visual Studio Version 17
VisualStudioVersion = 17.4.33205.214
MinimumVisualStudioVersion = 10.0.40219.1
Project("{FAE04EC0-301F-11D3-BF4B-00C04F79EFBC}") = "Page 17 Ex 3", "Page 17 Ex 3\Page 17 Ex 3.csproj", "{BE408D87-BC9D-4BE1-8840-B80275257000}"
EndProject
Global
	GlobalSection(SolutionConfigurationPlatforms) = preSolution
		Debug|Any CPU = Debug|Any CPU
		Release|Any CPU = Release|Any CPU
	EndGlobalSection
	GlobalSection(ProjectConfigurationPlatforms) = postSolution
		{BE408D87-BC9D-4BE1-8840-B80275257000}.Debug|Any CPU.ActiveCfg = Debug|Any CPU
		{BE408D87-BC9D-4BE1-8840-B80275257000}.Debug|Any CPU.Build.0 = Debug|Any CPU
		{BE408D87-BC9D-4BE1-8840-B80275257000}.Release|Any CPU.ActiveCfg = Release|Any CPU
		{BE408D87-BC9D-4BE1-8840-B80275257000}.Release|Any CPU.Build.0 = Release|Any CPU
	EndGlobalSection
	GlobalSection(SolutionProperties) = preSolution
		HideSolutionNode = FALSE
	EndGlobalSection
	GlobalSection(ExtensibilityGlobals) = postSolution
		SolutionGuid = {A9390A8E-40C1-4D11-B09C-572F6AE91582}
	EndGlobalSection
EndGlobal
